
Microsoft Visual Studio Solution File, Format Version 12.00
# Visual Studio 15
VisualStudioVersion = 15.0.28010.2046
MinimumVisualStudioVersion = 10.0.40219.1
Project("{9A19103F-16F7-4668-BE54-9A1E7A4F7556}") = "BangazonAPI", "BangazonAPI\BangazonAPI.csproj", "{C2CC2A3E-A808-4D2D-BE87-9ACC9A2181AD}"
EndProject
Global
	GlobalSection(SolutionConfigurationPlatforms) = preSolution
		Debug|Any CPU = Debug|Any CPU
		Release|Any CPU = Release|Any CPU
	EndGlobalSection
	GlobalSection(ProjectConfigurationPlatforms) = postSolution
		{C2CC2A3E-A808-4D2D-BE87-9ACC9A2181AD}.Debug|Any CPU.ActiveCfg = Debug|Any CPU
		{C2CC2A3E-A808-4D2D-BE87-9ACC9A2181AD}.Debug|Any CPU.Build.0 = Debug|Any CPU
		{C2CC2A3E-A808-4D2D-BE87-9ACC9A2181AD}.Release|Any CPU.ActiveCfg = Release|Any CPU
		{C2CC2A3E-A808-4D2D-BE87-9ACC9A2181AD}.Release|Any CPU.Build.0 = Release|Any CPU
	EndGlobalSection
	GlobalSection(SolutionProperties) = preSolution
		HideSolutionNode = FALSE
	EndGlobalSection
	GlobalSection(ExtensibilityGlobals) = postSolution
		SolutionGuid = {D2031481-B89C-4BF7-BD6A-701D0AD8174C}
	EndGlobalSection
EndGlobal
